
Microsoft Visual Studio Solution File, Format Version 12.00
# Visual Studio Version 16
VisualStudioVersion = 16.0.29409.12
MinimumVisualStudioVersion = 10.0.40219.1
Project("{FAE04EC0-301F-11D3-BF4B-00C04F79EFBC}") = "OrderAPI", "OrderAPI\OrderAPI.csproj", "{66A51A03-AD87-4CD1-82D0-E54425C071D9}"
EndProject
Global
	GlobalSection(SolutionConfigurationPlatforms) = preSolution
		Debug|Any CPU = Debug|Any CPU
		Release|Any CPU = Release|Any CPU
	EndGlobalSection
	GlobalSection(ProjectConfigurationPlatforms) = postSolution
		{66A51A03-AD87-4CD1-82D0-E54425C071D9}.Debug|Any CPU.ActiveCfg = Debug|Any CPU
		{66A51A03-AD87-4CD1-82D0-E54425C071D9}.Debug|Any CPU.Build.0 = Debug|Any CPU
		{66A51A03-AD87-4CD1-82D0-E54425C071D9}.Release|Any CPU.ActiveCfg = Release|Any CPU
		{66A51A03-AD87-4CD1-82D0-E54425C071D9}.Release|Any CPU.Build.0 = Release|Any CPU
	EndGlobalSection
	GlobalSection(SolutionProperties) = preSolution
		HideSolutionNode = FALSE
	EndGlobalSection
	GlobalSection(ExtensibilityGlobals) = postSolution
		SolutionGuid = {C834F9AC-0C79-467A-BDB5-52EFC1117366}
	EndGlobalSection
EndGlobal
